
Microsoft Visual Studio Solution File, Format Version 12.00
# Visual Studio Version 17
VisualStudioVersion = 17.10.35013.160
MinimumVisualStudioVersion = 10.0.40219.1
Project("{FAE04EC0-301F-11D3-BF4B-00C04F79EFBC}") = "BlogDataLibrary", "BlogDataLibrary\BlogDataLibrary.csproj", "{6744DB37-3105-4C30-9C85-F6A4BBA697E2}"
EndProject
Project("{00D1A9C2-B5F0-4AF3-8072-F6C62B433612}") = "TadiwanBlogDB", "TadiwanBlogDB\TadiwanBlogDB.sqlproj", "{20C2B11E-F72A-4E3C-8348-2F48B7AA9A3B}"
EndProject
Project("{FAE04EC0-301F-11D3-BF4B-00C04F79EFBC}") = "BlogTestUI", "BlogTestUI\BlogTestUI.csproj", "{A656274C-1EE3-480E-9BA7-59E9E31B4510}"
EndProject
Global
	GlobalSection(SolutionConfigurationPlatforms) = preSolution
		Debug|Any CPU = Debug|Any CPU
		Release|Any CPU = Release|Any CPU
	EndGlobalSection
	GlobalSection(ProjectConfigurationPlatforms) = postSolution
		{6744DB37-3105-4C30-9C85-F6A4BBA697E2}.Debug|Any CPU.ActiveCfg = Debug|Any CPU
		{6744DB37-3105-4C30-9C85-F6A4BBA697E2}.Debug|Any CPU.Build.0 = Debug|Any CPU
		{6744DB37-3105-4C30-9C85-F6A4BBA697E2}.Release|Any CPU.ActiveCfg = Release|Any CPU
		{6744DB37-3105-4C30-9C85-F6A4BBA697E2}.Release|Any CPU.Build.0 = Release|Any CPU
		{20C2B11E-F72A-4E3C-8348-2F48B7AA9A3B}.Debug|Any CPU.ActiveCfg = Debug|Any CPU
		{20C2B11E-F72A-4E3C-8348-2F48B7AA9A3B}.Debug|Any CPU.Build.0 = Debug|Any CPU
		{20C2B11E-F72A-4E3C-8348-2F48B7AA9A3B}.Debug|Any CPU.Deploy.0 = Debug|Any CPU
		{20C2B11E-F72A-4E3C-8348-2F48B7AA9A3B}.Release|Any CPU.ActiveCfg = Release|Any CPU
		{20C2B11E-F72A-4E3C-8348-2F48B7AA9A3B}.Release|Any CPU.Build.0 = Release|Any CPU
		{20C2B11E-F72A-4E3C-8348-2F48B7AA9A3B}.Release|Any CPU.Deploy.0 = Release|Any CPU
		{A656274C-1EE3-480E-9BA7-59E9E31B4510}.Debug|Any CPU.ActiveCfg = Debug|Any CPU
		{A656274C-1EE3-480E-9BA7-59E9E31B4510}.Debug|Any CPU.Build.0 = Debug|Any CPU
		{A656274C-1EE3-480E-9BA7-59E9E31B4510}.Release|Any CPU.ActiveCfg = Release|Any CPU
		{A656274C-1EE3-480E-9BA7-59E9E31B4510}.Release|Any CPU.Build.0 = Release|Any CPU
	EndGlobalSection
	GlobalSection(SolutionProperties) = preSolution
		HideSolutionNode = FALSE
	EndGlobalSection
	GlobalSection(ExtensibilityGlobals) = postSolution
		SolutionGuid = {A7A2D5E5-48B7-4DFC-8AF3-6EB649F2E57C}
	EndGlobalSection
EndGlobal
